
Microsoft Visual Studio Solution File, Format Version 12.00
# Visual Studio Version 16
VisualStudioVersion = 16.0.30621.155
MinimumVisualStudioVersion = 10.0.40219.1
Project("{FAE04EC0-301F-11D3-BF4B-00C04F79EFBC}") = "Diary", "Diary\Diary.csproj", "{44C35C99-1F3E-4CE7-B3CB-5A1B6396B556}"
EndProject
Global
	GlobalSection(SolutionConfigurationPlatforms) = preSolution
		Debug|Any CPU = Debug|Any CPU
		Release|Any CPU = Release|Any CPU
	EndGlobalSection
	GlobalSection(ProjectConfigurationPlatforms) = postSolution
		{44C35C99-1F3E-4CE7-B3CB-5A1B6396B556}.Debug|Any CPU.ActiveCfg = Debug|Any CPU
		{44C35C99-1F3E-4CE7-B3CB-5A1B6396B556}.Debug|Any CPU.Build.0 = Debug|Any CPU
		{44C35C99-1F3E-4CE7-B3CB-5A1B6396B556}.Release|Any CPU.ActiveCfg = Release|Any CPU
		{44C35C99-1F3E-4CE7-B3CB-5A1B6396B556}.Release|Any CPU.Build.0 = Release|Any CPU
	EndGlobalSection
	GlobalSection(SolutionProperties) = preSolution
		HideSolutionNode = FALSE
	EndGlobalSection
	GlobalSection(ExtensibilityGlobals) = postSolution
		SolutionGuid = {D7B8F9AB-C503-4811-9A74-C507A699B450}
	EndGlobalSection
EndGlobal
